
Microsoft Visual Studio Solution File, Format Version 12.00
# Visual Studio 14
VisualStudioVersion = 14.0.23107.0
MinimumVisualStudioVersion = 10.0.40219.1
Project("{FAE04EC0-301F-11D3-BF4B-00C04F79EFBC}") = "TestingApp", "TestingApp\TestingApp.csproj", "{26164216-FEFB-478A-978B-D589FEE59F58}"
EndProject
Project("{FAE04EC0-301F-11D3-BF4B-00C04F79EFBC}") = "MyLoggerLib", "MyLoggerLib\MyLoggerLib.csproj", "{970F34E0-5C29-4785-A2AD-572B0E0D5B07}"
EndProject
Project("{FAE04EC0-301F-11D3-BF4B-00C04F79EFBC}") = "MyWebApp", "MyWebApp\MyWebApp.csproj", "{76232EC9-CE78-4C84-AF25-74BB3DA899E2}"
EndProject
Global
	GlobalSection(SolutionConfigurationPlatforms) = preSolution
		Debug|Any CPU = Debug|Any CPU
		Release|Any CPU = Release|Any CPU
	EndGlobalSection
	GlobalSection(ProjectConfigurationPlatforms) = postSolution
		{26164216-FEFB-478A-978B-D589FEE59F58}.Debug|Any CPU.ActiveCfg = Debug|Any CPU
		{26164216-FEFB-478A-978B-D589FEE59F58}.Debug|Any CPU.Build.0 = Debug|Any CPU
		{26164216-FEFB-478A-978B-D589FEE59F58}.Release|Any CPU.ActiveCfg = Release|Any CPU
		{26164216-FEFB-478A-978B-D589FEE59F58}.Release|Any CPU.Build.0 = Release|Any CPU
		{970F34E0-5C29-4785-A2AD-572B0E0D5B07}.Debug|Any CPU.ActiveCfg = Debug|Any CPU
		{970F34E0-5C29-4785-A2AD-572B0E0D5B07}.Debug|Any CPU.Build.0 = Debug|Any CPU
		{970F34E0-5C29-4785-A2AD-572B0E0D5B07}.Release|Any CPU.ActiveCfg = Release|Any CPU
		{970F34E0-5C29-4785-A2AD-572B0E0D5B07}.Release|Any CPU.Build.0 = Release|Any CPU
		{76232EC9-CE78-4C84-AF25-74BB3DA899E2}.Debug|Any CPU.ActiveCfg = Debug|Any CPU
		{76232EC9-CE78-4C84-AF25-74BB3DA899E2}.Debug|Any CPU.Build.0 = Debug|Any CPU
		{76232EC9-CE78-4C84-AF25-74BB3DA899E2}.Release|Any CPU.ActiveCfg = Release|Any CPU
		{76232EC9-CE78-4C84-AF25-74BB3DA899E2}.Release|Any CPU.Build.0 = Release|Any CPU
	EndGlobalSection
	GlobalSection(SolutionProperties) = preSolution
		HideSolutionNode = FALSE
	EndGlobalSection
EndGlobal
